// !$*UTF8*$!
{
	archiveVersion = 1;
	classes = {
	};
	objectVersion = 55;
	objects = {

/* Begin PBXBuildFile section */
		1C5F922528D2522300BE053D /* RingView.swift in Sources */ = {isa = PBXBuildFile; fileRef = 1C5F922428D2522300BE053D /* RingView.swift */; };
		1C72DAC328D1049200EDAFCF /* SobrietyList.swift in Sources */ = {isa = PBXBuildFile; fileRef = 1C72DAC228D1049200EDAFCF /* SobrietyList.swift */; };
		1C91B1DF28D0F2E00062C18A /* SobretiumApp.swift in Sources */ = {isa = PBXBuildFile; fileRef = 1C91B1DE28D0F2E00062C18A /* SobretiumApp.swift */; };
		1C91B1E128D0F2E00062C18A /* ContentView.swift in Sources */ = {isa = PBXBuildFile; fileRef = 1C91B1E028D0F2E00062C18A /* ContentView.swift */; };
		1C91B1E328D0F2E30062C18A /* Assets.xcassets in Resources */ = {isa = PBXBuildFile; fileRef = 1C91B1E228D0F2E30062C18A /* Assets.xcassets */; };
		1C91B1E628D0F2E30062C18A /* Preview Assets.xcassets in Resources */ = {isa = PBXBuildFile; fileRef = 1C91B1E528D0F2E30062C18A /* Preview Assets.xcassets */; };
		1CB334D328D2574E0073AF33 /* Time in Frameworks */ = {isa = PBXBuildFile; productRef = 1CB334D228D2574E0073AF33 /* Time */; };
		1CF24EB828D0F35C000E75A5 /* NewTimerSheet.swift in Sources */ = {isa = PBXBuildFile; fileRef = 1CF24EB428D0F35C000E75A5 /* NewTimerSheet.swift */; };
		1CF24EB928D0F35C000E75A5 /* SobrietyRings.swift in Sources */ = {isa = PBXBuildFile; fileRef = 1CF24EB528D0F35C000E75A5 /* SobrietyRings.swift */; };
		1CF24EBA28D0F35C000E75A5 /* Ring.swift in Sources */ = {isa = PBXBuildFile; fileRef = 1CF24EB628D0F35C000E75A5 /* Ring.swift */; };
/* End PBXBuildFile section */

/* Begin PBXFileReference section */
		1C5F922428D2522300BE053D /* RingView.swift */ = {isa = PBXFileReference; lastKnownFileType = sourcecode.swift; path = RingView.swift; sourceTree = "<group>"; };
		1C72DAC228D1049200EDAFCF /* SobrietyList.swift */ = {isa = PBXFileReference; lastKnownFileType = sourcecode.swift; path = SobrietyList.swift; sourceTree = "<group>"; };
		1C91B1DB28D0F2E00062C18A /* Sobretium.app */ = {isa = PBXFileReference; explicitFileType = wrapper.application; includeInIndex = 0; path = Sobretium.app; sourceTree = BUILT_PRODUCTS_DIR; };
		1C91B1DE28D0F2E00062C18A /* SobretiumApp.swift */ = {isa = PBXFileReference; lastKnownFileType = sourcecode.swift; path = SobretiumApp.swift; sourceTree = "<group>"; };
		1C91B1E028D0F2E00062C18A /* ContentView.swift */ = {isa = PBXFileReference; lastKnownFileType = sourcecode.swift; path = ContentView.swift; sourceTree = "<group>"; };
		1C91B1E228D0F2E30062C18A /* Assets.xcassets */ = {isa = PBXFileReference; lastKnownFileType = folder.assetcatalog; path = Assets.xcassets; sourceTree = "<group>"; };
		1C91B1E528D0F2E30062C18A /* Preview Assets.xcassets */ = {isa = PBXFileReference; lastKnownFileType = folder.assetcatalog; path = "Preview Assets.xcassets"; sourceTree = "<group>"; };
		1CF24EB428D0F35C000E75A5 /* NewTimerSheet.swift */ = {isa = PBXFileReference; fileEncoding = 4; lastKnownFileType = sourcecode.swift; path = NewTimerSheet.swift; sourceTree = "<group>"; };
		1CF24EB528D0F35C000E75A5 /* SobrietyRings.swift */ = {isa = PBXFileReference; fileEncoding = 4; lastKnownFileType = sourcecode.swift; path = SobrietyRings.swift; sourceTree = "<group>"; };
		1CF24EB628D0F35C000E75A5 /* Ring.swift */ = {isa = PBXFileReference; fileEncoding = 4; lastKnownFileType = sourcecode.swift; path = Ring.swift; sourceTree = "<group>"; };
/* End PBXFileReference section */

/* Begin PBXFrameworksBuildPhase section */
		1C91B1D828D0F2E00062C18A /* Frameworks */ = {
			isa = PBXFrameworksBuildPhase;
			buildActionMask = 2147483647;
			files = (
				1CB334D328D2574E0073AF33 /* Time in Frameworks */,
			);
			runOnlyForDeploymentPostprocessing = 0;
		};
/* End PBXFrameworksBuildPhase section */

/* Begin PBXGroup section */
		1C91B1D228D0F2E00062C18A = {
			isa = PBXGroup;
			children = (
				1C91B1DD28D0F2E00062C18A /* Sobretium */,
				1C91B1DC28D0F2E00062C18A /* Products */,
			);
			sourceTree = "<group>";
		};
		1C91B1DC28D0F2E00062C18A /* Products */ = {
			isa = PBXGroup;
			children = (
				1C91B1DB28D0F2E00062C18A /* Sobretium.app */,
			);
			name = Products;
			sourceTree = "<group>";
		};
		1C91B1DD28D0F2E00062C18A /* Sobretium */ = {
			isa = PBXGroup;
			children = (
				1C91B1DE28D0F2E00062C18A /* SobretiumApp.swift */,
				1C91B1E028D0F2E00062C18A /* ContentView.swift */,
				1C5F922428D2522300BE053D /* RingView.swift */,
				1C72DAC228D1049200EDAFCF /* SobrietyList.swift */,
				1CF24EB428D0F35C000E75A5 /* NewTimerSheet.swift */,
				1CF24EB628D0F35C000E75A5 /* Ring.swift */,
				1CF24EB528D0F35C000E75A5 /* SobrietyRings.swift */,
				1C91B1E228D0F2E30062C18A /* Assets.xcassets */,
				1C91B1E428D0F2E30062C18A /* Preview Content */,
			);
			path = Sobretium;
			sourceTree = "<group>";
		};
		1C91B1E428D0F2E30062C18A /* Preview Content */ = {
			isa = PBXGroup;
			children = (
				1C91B1E528D0F2E30062C18A /* Preview Assets.xcassets */,
			);
			path = "Preview Content";
			sourceTree = "<group>";
		};
/* End PBXGroup section */

/* Begin PBXNativeTarget section */
		1C91B1DA28D0F2E00062C18A /* Sobretium */ = {
			isa = PBXNativeTarget;
			buildConfigurationList = 1C91B1E928D0F2E30062C18A /* Build configuration list for PBXNativeTarget "Sobretium" */;
			buildPhases = (
				1C91B1D728D0F2E00062C18A /* Sources */,
				1C91B1D828D0F2E00062C18A /* Frameworks */,
				1C91B1D928D0F2E00062C18A /* Resources */,
			);
			buildRules = (
			);
			dependencies = (
			);
			name = Sobretium;
			packageProductDependencies = (
				1CB334D228D2574E0073AF33 /* Time */,
			);
			productName = Sobretium;
			productReference = 1C91B1DB28D0F2E00062C18A /* Sobretium.app */;
			productType = "com.apple.product-type.application";
		};
/* End PBXNativeTarget section */

/* Begin PBXProject section */
		1C91B1D328D0F2E00062C18A /* Project object */ = {
			isa = PBXProject;
			attributes = {
				BuildIndependentTargetsInParallel = 1;
				LastSwiftUpdateCheck = 1330;
				LastUpgradeCheck = 1330;
				TargetAttributes = {
					1C91B1DA28D0F2E00062C18A = {
						CreatedOnToolsVersion = 13.3;
					};
				};
			};
			buildConfigurationList = 1C91B1D628D0F2E00062C18A /* Build configuration list for PBXProject "Sobretium" */;
			compatibilityVersion = "Xcode 13.0";
			developmentRegion = en;
			hasScannedForEncodings = 0;
			knownRegions = (
				en,
				Base,
			);
			mainGroup = 1C91B1D228D0F2E00062C18A;
			packageReferences = (
				1CB334D128D2574E0073AF33 /* XCRemoteSwiftPackageReference "time" */,
				1C9579C728D2589A00DF9717 /* XCRemoteSwiftPackageReference "CurvyText" */,
			);
			productRefGroup = 1C91B1DC28D0F2E00062C18A /* Products */;
			projectDirPath = "";
			projectRoot = "";
			targets = (
				1C91B1DA28D0F2E00062C18A /* Sobretium */,
			);
		};
/* End PBXProject section */

/* Begin PBXResourcesBuildPhase section */
		1C91B1D928D0F2E00062C18A /* Resources */ = {
			isa = PBXResourcesBuildPhase;
			buildActionMask = 2147483647;
			files = (
				1C91B1E628D0F2E30062C18A /* Preview Assets.xcassets in Resources */,
				1C91B1E328D0F2E30062C18A /* Assets.xcassets in Resources */,
			);
			runOnlyForDeploymentPostprocessing = 0;
		};
/* End PBXResourcesBuildPhase section */

/* Begin PBXSourcesBuildPhase section */
		1C91B1D728D0F2E00062C18A /* Sources */ = {
			isa = PBXSourcesBuildPhase;
			buildActionMask = 2147483647;
			files = (
				1CF24EBA28D0F35C000E75A5 /* Ring.swift in Sources */,
				1C91B1E128D0F2E00062C18A /* ContentView.swift in Sources */,
				1CF24EB828D0F35C000E75A5 /* NewTimerSheet.swift in Sources */,
				1CF24EB928D0F35C000E75A5 /* SobrietyRings.swift in Sources */,
				1C5F922528D2522300BE053D /* RingView.swift in Sources */,
				1C72DAC328D1049200EDAFCF /* SobrietyList.swift in Sources */,
				1C91B1DF28D0F2E00062C18A /* SobretiumApp.swift in Sources */,
			);
			runOnlyForDeploymentPostprocessing = 0;
		};
/* End PBXSourcesBuildPhase section */

/* Begin XCBuildConfiguration section */
		1C91B1E728D0F2E30062C18A /* Debug */ = {
			isa = XCBuildConfiguration;
			buildSettings = {
				ALWAYS_SEARCH_USER_PATHS = NO;
				CLANG_ANALYZER_NONNULL = YES;
				CLANG_ANALYZER_NUMBER_OBJECT_CONVERSION = YES_AGGRESSIVE;
				CLANG_CXX_LANGUAGE_STANDARD = "gnu++17";
				CLANG_ENABLE_MODULES = YES;
				CLANG_ENABLE_OBJC_ARC = YES;
				CLANG_ENABLE_OBJC_WEAK = YES;
				CLANG_WARN_BLOCK_CAPTURE_AUTORELEASING = YES;
				CLANG_WARN_BOOL_CONVERSION = YES;
				CLANG_WARN_COMMA = YES;
				CLANG_WARN_CONSTANT_CONVERSION = YES;
				CLANG_WARN_DEPRECATED_OBJC_IMPLEMENTATIONS = YES;
				CLANG_WARN_DIRECT_OBJC_ISA_USAGE = YES_ERROR;
				CLANG_WARN_DOCUMENTATION_COMMENTS = YES;
				CLANG_WARN_EMPTY_BODY = YES;
				CLANG_WARN_ENUM_CONVERSION = YES;
				CLANG_WARN_INFINITE_RECURSION = YES;
				CLANG_WARN_INT_CONVERSION = YES;
				CLANG_WARN_NON_LITERAL_NULL_CONVERSION = YES;
				CLANG_WARN_OBJC_IMPLICIT_RETAIN_SELF = YES;
				CLANG_WARN_OBJC_LITERAL_CONVERSION = YES;
				CLANG_WARN_OBJC_ROOT_CLASS = YES_ERROR;
				CLANG_WARN_QUOTED_INCLUDE_IN_FRAMEWORK_HEADER = YES;
				CLANG_WARN_RANGE_LOOP_ANALYSIS = YES;
				CLANG_WARN_STRICT_PROTOTYPES = YES;
				CLANG_WARN_SUSPICIOUS_MOVE = YES;
				CLANG_WARN_UNGUARDED_AVAILABILITY = YES_AGGRESSIVE;
				CLANG_WARN_UNREACHABLE_CODE = YES;
				CLANG_WARN__DUPLICATE_METHOD_MATCH = YES;
				COPY_PHASE_STRIP = NO;
				DEBUG_INFORMATION_FORMAT = dwarf;
				ENABLE_STRICT_OBJC_MSGSEND = YES;
				ENABLE_TESTABILITY = YES;
				GCC_C_LANGUAGE_STANDARD = gnu11;
				GCC_DYNAMIC_NO_PIC = NO;
				GCC_NO_COMMON_BLOCKS = YES;
				GCC_OPTIMIZATION_LEVEL = 0;
				GCC_PREPROCESSOR_DEFINITIONS = (
					"DEBUG=1",
					"$(inherited)",
				);
				GCC_WARN_64_TO_32_BIT_CONVERSION = YES;
				GCC_WARN_ABOUT_RETURN_TYPE = YES_ERROR;
				GCC_WARN_UNDECLARED_SELECTOR = YES;
				GCC_WARN_UNINITIALIZED_AUTOS = YES_AGGRESSIVE;
				GCC_WARN_UNUSED_FUNCTION = YES;
				GCC_WARN_UNUSED_VARIABLE = YES;
				IPHONEOS_DEPLOYMENT_TARGET = 15.4;
				MTL_ENABLE_DEBUG_INFO = INCLUDE_SOURCE;
				MTL_FAST_MATH = YES;
				ONLY_ACTIVE_ARCH = YES;
				SDKROOT = iphoneos;
				SWIFT_ACTIVE_COMPILATION_CONDITIONS = DEBUG;
				SWIFT_OPTIMIZATION_LEVEL = "-Onone";
			};
			name = Debug;
		};
		1C91B1E828D0F2E30062C18A /* Release */ = {
			isa = XCBuildConfiguration;
			buildSettings = {
				ALWAYS_SEARCH_USER_PATHS = NO;
				CLANG_ANALYZER_NONNULL = YES;
				CLANG_ANALYZER_NUMBER_OBJECT_CONVERSION = YES_AGGRESSIVE;
				CLANG_CXX_LANGUAGE_STANDARD = "gnu++17";
				CLANG_ENABLE_MODULES = YES;
				CLANG_ENABLE_OBJC_ARC = YES;
				CLANG_ENABLE_OBJC_WEAK = YES;
				CLANG_WARN_BLOCK_CAPTURE_AUTORELEASING = YES;
				CLANG_WARN_BOOL_CONVERSION = YES;
				CLANG_WARN_COMMA = YES;
				CLANG_WARN_CONSTANT_CONVERSION = YES;
				CLANG_WARN_DEPRECATED_OBJC_IMPLEMENTATIONS = YES;
				CLANG_WARN_DIRECT_OBJC_ISA_USAGE = YES_ERROR;
				CLANG_WARN_DOCUMENTATION_COMMENTS = YES;
				CLANG_WARN_EMPTY_BODY = YES;
				CLANG_WARN_ENUM_CONVERSION = YES;
				CLANG_WARN_INFINITE_RECURSION = YES;
				CLANG_WARN_INT_CONVERSION = YES;
				CLANG_WARN_NON_LITERAL_NULL_CONVERSION = YES;
				CLANG_WARN_OBJC_IMPLICIT_RETAIN_SELF = YES;
				CLANG_WARN_OBJC_LITERAL_CONVERSION = YES;
				CLANG_WARN_OBJC_ROOT_CLASS = YES_ERROR;
				CLANG_WARN_QUOTED_INCLUDE_IN_FRAMEWORK_HEADER = YES;
				CLANG_WARN_RANGE_LOOP_ANALYSIS = YES;
				CLANG_WARN_STRICT_PROTOTYPES = YES;
				CLANG_WARN_SUSPICIOUS_MOVE = YES;
				CLANG_WARN_UNGUARDED_AVAILABILITY = YES_AGGRESSIVE;
				CLANG_WARN_UNREACHABLE_CODE = YES;
				CLANG_WARN__DUPLICATE_METHOD_MATCH = YES;
				COPY_PHASE_STRIP = NO;
				DEBUG_INFORMATION_FORMAT = "dwarf-with-dsym";
				ENABLE_NS_ASSERTIONS = NO;
				ENABLE_STRICT_OBJC_MSGSEND = YES;
				GCC_C_LANGUAGE_STANDARD = gnu11;
				GCC_NO_COMMON_BLOCKS = YES;
				GCC_WARN_64_TO_32_BIT_CONVERSION = YES;
				GCC_WARN_ABOUT_RETURN_TYPE = YES_ERROR;
				GCC_WARN_UNDECLARED_SELECTOR = YES;
				GCC_WARN_UNINITIALIZED_AUTOS = YES_AGGRESSIVE;
				GCC_WARN_UNUSED_FUNCTION = YES;
				GCC_WARN_UNUSED_VARIABLE = YES;
				IPHONEOS_DEPLOYMENT_TARGET = 15.4;
				MTL_ENABLE_DEBUG_INFO = NO;
				MTL_FAST_MATH = YES;
				SDKROOT = iphoneos;
				SWIFT_COMPILATION_MODE = wholemodule;
				SWIFT_OPTIMIZATION_LEVEL = "-O";
				VALIDATE_PRODUCT = YES;
			};
			name = Release;
		};
		1C91B1EA28D0F2E30062C18A /* Debug */ = {
			isa = XCBuildConfiguration;
			buildSettings = {
				ASSETCATALOG_COMPILER_APPICON_NAME = AppIcon;
				ASSETCATALOG_COMPILER_GLOBAL_ACCENT_COLOR_NAME = AccentColor;
				CODE_SIGN_STYLE = Automatic;
				CURRENT_PROJECT_VERSION = 1;
				DEVELOPMENT_ASSET_PATHS = "\"Sobretium/Preview Content\"";
				DEVELOPMENT_TEAM = W8C8UQ95CG;
				ENABLE_PREVIEWS = YES;
				GENERATE_INFOPLIST_FILE = YES;
				INFOPLIST_KEY_UIApplicationSceneManifest_Generation = YES;
				INFOPLIST_KEY_UIApplicationSupportsIndirectInputEvents = YES;
				INFOPLIST_KEY_UILaunchScreen_Generation = YES;
				INFOPLIST_KEY_UISupportedInterfaceOrientations_iPad = "UIInterfaceOrientationPortrait UIInterfaceOrientationPortraitUpsideDown UIInterfaceOrientationLandscapeLeft UIInterfaceOrientationLandscapeRight";
				INFOPLIST_KEY_UISupportedInterfaceOrientations_iPhone = "UIInterfaceOrientationPortrait UIInterfaceOrientationLandscapeLeft UIInterfaceOrientationLandscapeRight";
				LD_RUNPATH_SEARCH_PATHS = (
					"$(inherited)",
					"@executable_path/Frameworks",
				);
				MARKETING_VERSION = 1.0;
				PRODUCT_BUNDLE_IDENTIFIER = com.alyxferrari.Sobretium;
				PRODUCT_NAME = "$(TARGET_NAME)";
				SWIFT_EMIT_LOC_STRINGS = YES;
				SWIFT_VERSION = 5.0;
				TARGETED_DEVICE_FAMILY = "1,2";
			};
			name = Debug;
		};
		1C91B1EB28D0F2E30062C18A /* Release */ = {
			isa = XCBuildConfiguration;
			buildSettings = {
				ASSETCATALOG_COMPILER_APPICON_NAME = AppIcon;
				ASSETCATALOG_COMPILER_GLOBAL_ACCENT_COLOR_NAME = AccentColor;
				CODE_SIGN_STYLE = Automatic;
				CURRENT_PROJECT_VERSION = 1;
				DEVELOPMENT_ASSET_PATHS = "\"Sobretium/Preview Content\"";
				DEVELOPMENT_TEAM = W8C8UQ95CG;
				ENABLE_PREVIEWS = YES;
				GENERATE_INFOPLIST_FILE = YES;
				INFOPLIST_KEY_UIApplicationSceneManifest_Generation = YES;
				INFOPLIST_KEY_UIApplicationSupportsIndirectInputEvents = YES;
				INFOPLIST_KEY_UILaunchScreen_Generation = YES;
				INFOPLIST_KEY_UISupportedInterfaceOrientations_iPad = "UIInterfaceOrientationPortrait UIInterfaceOrientationPortraitUpsideDown UIInterfaceOrientationLandscapeLeft UIInterfaceOrientationLandscapeRight";
				INFOPLIST_KEY_UISupportedInterfaceOrientations_iPhone = "UIInterfaceOrientationPortrait UIInterfaceOrientationLandscapeLeft UIInterfaceOrientationLandscapeRight";
				LD_RUNPATH_SEARCH_PATHS = (
					"$(inherited)",
					"@executable_path/Frameworks",
				);
				MARKETING_VERSION = 1.0;
				PRODUCT_BUNDLE_IDENTIFIER = com.alyxferrari.Sobretium;
				PRODUCT_NAME = "$(TARGET_NAME)";
				SWIFT_EMIT_LOC_STRINGS = YES;
				SWIFT_VERSION = 5.0;
				TARGETED_DEVICE_FAMILY = "1,2";
			};
			name = Release;
		};
/* End XCBuildConfiguration section */

/* Begin XCConfigurationList section */
		1C91B1D628D0F2E00062C18A /* Build configuration list for PBXProject "Sobretium" */ = {
			isa = XCConfigurationList;
			buildConfigurations = (
				1C91B1E728D0F2E30062C18A /* Debug */,
				1C91B1E828D0F2E30062C18A /* Release */,
			);
			defaultConfigurationIsVisible = 0;
			defaultConfigurationName = Release;
		};
		1C91B1E928D0F2E30062C18A /* Build configuration list for PBXNativeTarget "Sobretium" */ = {
			isa = XCConfigurationList;
			buildConfigurations = (
				1C91B1EA28D0F2E30062C18A /* Debug */,
				1C91B1EB28D0F2E30062C18A /* Release */,
			);
			defaultConfigurationIsVisible = 0;
			defaultConfigurationName = Release;
		};
/* End XCConfigurationList section */

/* Begin XCRemoteSwiftPackageReference section */
		1C9579C728D2589A00DF9717 /* XCRemoteSwiftPackageReference "CurvyText" */ = {
			isa = XCRemoteSwiftPackageReference;
			repositoryURL = "https://github.com/alyxferrari/CurvyText";
			requirement = {
				branch = develop;
				kind = branch;
			};
		};
		1CB334D128D2574E0073AF33 /* XCRemoteSwiftPackageReference "time" */ = {
			isa = XCRemoteSwiftPackageReference;
			repositoryURL = "https://github.com/davedelong/time";
			requirement = {
				branch = master;
				kind = branch;
			};
		};
/* End XCRemoteSwiftPackageReference section */

/* Begin XCSwiftPackageProductDependency section */
		1CB334D228D2574E0073AF33 /* Time */ = {
			isa = XCSwiftPackageProductDependency;
			package = 1CB334D128D2574E0073AF33 /* XCRemoteSwiftPackageReference "time" */;
			productName = Time;
		};
/* End XCSwiftPackageProductDependency section */
	};
	rootObject = 1C91B1D328D0F2E00062C18A /* Project object */;
}
