// !$*UTF8*$!
{
	archiveVersion = 1;
	classes = {
	};
	objectVersion = 55;
	objects = {

/* Begin PBXBuildFile section */
		1C229D3228EF523D006583DF /* SobretiumWatchApp.swift in Sources */ = {isa = PBXBuildFile; fileRef = 1C229D3128EF523D006583DF /* SobretiumWatchApp.swift */; };
		1C229D3428EF523D006583DF /* WatchContentView.swift in Sources */ = {isa = PBXBuildFile; fileRef = 1C229D3328EF523D006583DF /* WatchContentView.swift */; };
		1C229D3628EF5241006583DF /* Assets.xcassets in Resources */ = {isa = PBXBuildFile; fileRef = 1C229D3528EF5241006583DF /* Assets.xcassets */; };
		1C229D3928EF5241006583DF /* Preview Assets.xcassets in Resources */ = {isa = PBXBuildFile; fileRef = 1C229D3828EF5241006583DF /* Preview Assets.xcassets */; };
		1C229D3C28EF5241006583DF /* SobretiumWatch Watch App.app in Embed Watch Content */ = {isa = PBXBuildFile; fileRef = 1C229D2F28EF523D006583DF /* SobretiumWatch Watch App.app */; settings = {ATTRIBUTES = (RemoveHeadersOnCopy, ); }; };
		1C229D4428EF559C006583DF /* SobrietyEntry.xcdatamodeld in Sources */ = {isa = PBXBuildFile; fileRef = 1C37802C28E7579100440E06 /* SobrietyEntry.xcdatamodeld */; };
		1C2CB48B28E742A900215648 /* DataController.swift in Sources */ = {isa = PBXBuildFile; fileRef = 1C2CB48A28E742A900215648 /* DataController.swift */; };
		1C37802F28E7579100440E06 /* SobrietyEntry.xcdatamodeld in Sources */ = {isa = PBXBuildFile; fileRef = 1C37802C28E7579100440E06 /* SobrietyEntry.xcdatamodeld */; };
		1C37803228E765BD00440E06 /* AppIconRings.swift in Sources */ = {isa = PBXBuildFile; fileRef = 1C37803128E765BD00440E06 /* AppIconRings.swift */; };
		1C5F922528D2522300BE053D /* RingView.swift in Sources */ = {isa = PBXBuildFile; fileRef = 1C5F922428D2522300BE053D /* RingView.swift */; };
		1C81C2AF28F733B4007F87AF /* SobrietyEntryLabel.swift in Sources */ = {isa = PBXBuildFile; fileRef = 1C81C2AE28F733B4007F87AF /* SobrietyEntryLabel.swift */; };
		1C81C2B128F73742007F87AF /* DataController.swift in Sources */ = {isa = PBXBuildFile; fileRef = 1C2CB48A28E742A900215648 /* DataController.swift */; };
		1C91B1DF28D0F2E00062C18A /* SobretiumApp.swift in Sources */ = {isa = PBXBuildFile; fileRef = 1C91B1DE28D0F2E00062C18A /* SobretiumApp.swift */; };
		1C91B1E128D0F2E00062C18A /* ContentView.swift in Sources */ = {isa = PBXBuildFile; fileRef = 1C91B1E028D0F2E00062C18A /* ContentView.swift */; };
		1C91B1E328D0F2E30062C18A /* Assets.xcassets in Resources */ = {isa = PBXBuildFile; fileRef = 1C91B1E228D0F2E30062C18A /* Assets.xcassets */; };
		1C91B1E628D0F2E30062C18A /* Preview Assets.xcassets in Resources */ = {isa = PBXBuildFile; fileRef = 1C91B1E528D0F2E30062C18A /* Preview Assets.xcassets */; };
		1C98187928FF246C00FF68BD /* PopupView in Frameworks */ = {isa = PBXBuildFile; productRef = 1C98187828FF246C00FF68BD /* PopupView */; };
		1C9F35EA28E60A3300C69CCB /* PathText in Frameworks */ = {isa = PBXBuildFile; productRef = 1C9F35E928E60A3300C69CCB /* PathText */; };
		1C9F35ED28E60A6300C69CCB /* Time in Frameworks */ = {isa = PBXBuildFile; productRef = 1C9F35EC28E60A6300C69CCB /* Time */; };
		1C9F35F028E6144000C69CCB /* AboutView.swift in Sources */ = {isa = PBXBuildFile; fileRef = 1C9F35EF28E6144000C69CCB /* AboutView.swift */; };
		1CA7E19028EA15C2005E68A0 /* EditTrackerSheet.swift in Sources */ = {isa = PBXBuildFile; fileRef = 1CA7E18F28EA15C2005E68A0 /* EditTrackerSheet.swift */; };
		1CB54DC228EA6E0900CDE2A4 /* Theme.swift in Sources */ = {isa = PBXBuildFile; fileRef = 1CB54DC128EA6E0900CDE2A4 /* Theme.swift */; };
		1CB54DC428EA7E6400CDE2A4 /* ThemePicker.swift in Sources */ = {isa = PBXBuildFile; fileRef = 1CB54DC328EA7E6400CDE2A4 /* ThemePicker.swift */; };
		1CB54DC628EA8BD300CDE2A4 /* ThemeSample.swift in Sources */ = {isa = PBXBuildFile; fileRef = 1CB54DC528EA8BD300CDE2A4 /* ThemeSample.swift */; };
		1CB811DA28F09310008A85CC /* DonateView.swift in Sources */ = {isa = PBXBuildFile; fileRef = 1CB811D928F09310008A85CC /* DonateView.swift */; };
		1CE8FC7328D3965800940E07 /* SettingsView.swift in Sources */ = {isa = PBXBuildFile; fileRef = 1CE8FC7228D3965800940E07 /* SettingsView.swift */; };
		1CF24EB828D0F35C000E75A5 /* NewTimerSheet.swift in Sources */ = {isa = PBXBuildFile; fileRef = 1CF24EB428D0F35C000E75A5 /* NewTimerSheet.swift */; };
		1CF24EB928D0F35C000E75A5 /* SobrietyRings.swift in Sources */ = {isa = PBXBuildFile; fileRef = 1CF24EB528D0F35C000E75A5 /* SobrietyRings.swift */; };
		1CF24EBA28D0F35C000E75A5 /* Ring.swift in Sources */ = {isa = PBXBuildFile; fileRef = 1CF24EB628D0F35C000E75A5 /* Ring.swift */; };
		1CFF14CE28EFAEAC0022BAD6 /* WatchRing.swift in Sources */ = {isa = PBXBuildFile; fileRef = 1CFF14CD28EFAEAC0022BAD6 /* WatchRing.swift */; };
		1CFF14D228EFAEFC0022BAD6 /* Time in Frameworks */ = {isa = PBXBuildFile; productRef = 1CFF14D128EFAEFC0022BAD6 /* Time */; };
		1CFF14D428EFAFE40022BAD6 /* WatchSobrietyRings.swift in Sources */ = {isa = PBXBuildFile; fileRef = 1CFF14D328EFAFE40022BAD6 /* WatchSobrietyRings.swift */; };
		1CFF14D528EFB0B90022BAD6 /* Theme.swift in Sources */ = {isa = PBXBuildFile; fileRef = 1CB54DC128EA6E0900CDE2A4 /* Theme.swift */; };
/* End PBXBuildFile section */

/* Begin PBXContainerItemProxy section */
		1C229D3A28EF5241006583DF /* PBXContainerItemProxy */ = {
			isa = PBXContainerItemProxy;
			containerPortal = 1C91B1D328D0F2E00062C18A /* Project object */;
			proxyType = 1;
			remoteGlobalIDString = 1C229D2E28EF523D006583DF;
			remoteInfo = "SobretiumWatch Watch App";
		};
/* End PBXContainerItemProxy section */

/* Begin PBXCopyFilesBuildPhase section */
		1C229D4028EF5241006583DF /* Embed Watch Content */ = {
			isa = PBXCopyFilesBuildPhase;
			buildActionMask = 2147483647;
			dstPath = "$(CONTENTS_FOLDER_PATH)/Watch";
			dstSubfolderSpec = 16;
			files = (
				1C229D3C28EF5241006583DF /* SobretiumWatch Watch App.app in Embed Watch Content */,
			);
			name = "Embed Watch Content";
			runOnlyForDeploymentPostprocessing = 0;
		};
		1C50F1B928ECF42D00AD9025 /* Embed Foundation Extensions */ = {
			isa = PBXCopyFilesBuildPhase;
			buildActionMask = 2147483647;
			dstPath = "";
			dstSubfolderSpec = 13;
			files = (
			);
			name = "Embed Foundation Extensions";
			runOnlyForDeploymentPostprocessing = 0;
		};
/* End PBXCopyFilesBuildPhase section */

/* Begin PBXFileReference section */
		1C229D2828EF50A8006583DF /* Sobretium.entitlements */ = {isa = PBXFileReference; lastKnownFileType = text.plist.entitlements; path = Sobretium.entitlements; sourceTree = "<group>"; };
		1C229D2928EF50C0006583DF /* Info.plist */ = {isa = PBXFileReference; lastKnownFileType = text.plist; path = Info.plist; sourceTree = "<group>"; };
		1C229D2A28EF5155006583DF /* SobretiumWidgetExtension.entitlements */ = {isa = PBXFileReference; lastKnownFileType = text.plist.entitlements; path = SobretiumWidgetExtension.entitlements; sourceTree = "<group>"; };
		1C229D2F28EF523D006583DF /* SobretiumWatch Watch App.app */ = {isa = PBXFileReference; explicitFileType = wrapper.application; includeInIndex = 0; path = "SobretiumWatch Watch App.app"; sourceTree = BUILT_PRODUCTS_DIR; };
		1C229D3128EF523D006583DF /* SobretiumWatchApp.swift */ = {isa = PBXFileReference; lastKnownFileType = sourcecode.swift; path = SobretiumWatchApp.swift; sourceTree = "<group>"; };
		1C229D3328EF523D006583DF /* WatchContentView.swift */ = {isa = PBXFileReference; lastKnownFileType = sourcecode.swift; path = WatchContentView.swift; sourceTree = "<group>"; usesTabs = 0; };
		1C229D3528EF5241006583DF /* Assets.xcassets */ = {isa = PBXFileReference; lastKnownFileType = folder.assetcatalog; path = Assets.xcassets; sourceTree = "<group>"; };
		1C229D3828EF5241006583DF /* Preview Assets.xcassets */ = {isa = PBXFileReference; lastKnownFileType = folder.assetcatalog; path = "Preview Assets.xcassets"; sourceTree = "<group>"; };
		1C229D4128EF5294006583DF /* SobretiumWatch Watch App.entitlements */ = {isa = PBXFileReference; lastKnownFileType = text.plist.entitlements; path = "SobretiumWatch Watch App.entitlements"; sourceTree = "<group>"; };
		1C229D4228EF529A006583DF /* SobretiumWatch-Watch-App-Info.plist */ = {isa = PBXFileReference; lastKnownFileType = text.plist; path = "SobretiumWatch-Watch-App-Info.plist"; sourceTree = SOURCE_ROOT; };
		1C2CB48A28E742A900215648 /* DataController.swift */ = {isa = PBXFileReference; lastKnownFileType = sourcecode.swift; path = DataController.swift; sourceTree = "<group>"; };
		1C37802D28E7579100440E06 /* SobrietyEntry.xcdatamodel */ = {isa = PBXFileReference; lastKnownFileType = wrapper.xcdatamodel; path = SobrietyEntry.xcdatamodel; sourceTree = "<group>"; };
		1C37802E28E7579100440E06 /* SobrietyEntries.xcdatamodel */ = {isa = PBXFileReference; lastKnownFileType = wrapper.xcdatamodel; path = SobrietyEntries.xcdatamodel; sourceTree = "<group>"; };
		1C37803128E765BD00440E06 /* AppIconRings.swift */ = {isa = PBXFileReference; lastKnownFileType = sourcecode.swift; path = AppIconRings.swift; sourceTree = "<group>"; };
		1C50F1A628ECF42800AD9025 /* WidgetKit.framework */ = {isa = PBXFileReference; lastKnownFileType = wrapper.framework; name = WidgetKit.framework; path = System/Library/Frameworks/WidgetKit.framework; sourceTree = SDKROOT; };
		1C50F1A828ECF42800AD9025 /* SwiftUI.framework */ = {isa = PBXFileReference; lastKnownFileType = wrapper.framework; name = SwiftUI.framework; path = System/Library/Frameworks/SwiftUI.framework; sourceTree = SDKROOT; };
		1C5F922428D2522300BE053D /* RingView.swift */ = {isa = PBXFileReference; lastKnownFileType = sourcecode.swift; path = RingView.swift; sourceTree = "<group>"; };
		1C81C2AE28F733B4007F87AF /* SobrietyEntryLabel.swift */ = {isa = PBXFileReference; lastKnownFileType = sourcecode.swift; path = SobrietyEntryLabel.swift; sourceTree = "<group>"; };
		1C91B1DB28D0F2E00062C18A /* Sobretium.app */ = {isa = PBXFileReference; explicitFileType = wrapper.application; includeInIndex = 0; path = Sobretium.app; sourceTree = BUILT_PRODUCTS_DIR; };
		1C91B1DE28D0F2E00062C18A /* SobretiumApp.swift */ = {isa = PBXFileReference; lastKnownFileType = sourcecode.swift; path = SobretiumApp.swift; sourceTree = "<group>"; };
		1C91B1E028D0F2E00062C18A /* ContentView.swift */ = {isa = PBXFileReference; lastKnownFileType = sourcecode.swift; path = ContentView.swift; sourceTree = "<group>"; };
		1C91B1E228D0F2E30062C18A /* Assets.xcassets */ = {isa = PBXFileReference; lastKnownFileType = folder.assetcatalog; path = Assets.xcassets; sourceTree = "<group>"; };
		1C91B1E528D0F2E30062C18A /* Preview Assets.xcassets */ = {isa = PBXFileReference; lastKnownFileType = folder.assetcatalog; path = "Preview Assets.xcassets"; sourceTree = "<group>"; };
		1C9F35EF28E6144000C69CCB /* AboutView.swift */ = {isa = PBXFileReference; lastKnownFileType = sourcecode.swift; path = AboutView.swift; sourceTree = "<group>"; };
		1CA7E18F28EA15C2005E68A0 /* EditTrackerSheet.swift */ = {isa = PBXFileReference; lastKnownFileType = sourcecode.swift; path = EditTrackerSheet.swift; sourceTree = "<group>"; };
		1CB54DC128EA6E0900CDE2A4 /* Theme.swift */ = {isa = PBXFileReference; lastKnownFileType = sourcecode.swift; path = Theme.swift; sourceTree = "<group>"; };
		1CB54DC328EA7E6400CDE2A4 /* ThemePicker.swift */ = {isa = PBXFileReference; lastKnownFileType = sourcecode.swift; path = ThemePicker.swift; sourceTree = "<group>"; };
		1CB54DC528EA8BD300CDE2A4 /* ThemeSample.swift */ = {isa = PBXFileReference; lastKnownFileType = sourcecode.swift; path = ThemeSample.swift; sourceTree = "<group>"; };
		1CB811D928F09310008A85CC /* DonateView.swift */ = {isa = PBXFileReference; lastKnownFileType = sourcecode.swift; path = DonateView.swift; sourceTree = "<group>"; };
		1CB811DE28F0A567008A85CC /* SobretiumStore.storekit */ = {isa = PBXFileReference; lastKnownFileType = text; path = SobretiumStore.storekit; sourceTree = "<group>"; };
		1CE8FC7228D3965800940E07 /* SettingsView.swift */ = {isa = PBXFileReference; lastKnownFileType = sourcecode.swift; path = SettingsView.swift; sourceTree = "<group>"; };
		1CF24EB428D0F35C000E75A5 /* NewTimerSheet.swift */ = {isa = PBXFileReference; fileEncoding = 4; lastKnownFileType = sourcecode.swift; path = NewTimerSheet.swift; sourceTree = "<group>"; };
		1CF24EB528D0F35C000E75A5 /* SobrietyRings.swift */ = {isa = PBXFileReference; fileEncoding = 4; lastKnownFileType = sourcecode.swift; path = SobrietyRings.swift; sourceTree = "<group>"; };
		1CF24EB628D0F35C000E75A5 /* Ring.swift */ = {isa = PBXFileReference; fileEncoding = 4; lastKnownFileType = sourcecode.swift; path = Ring.swift; sourceTree = "<group>"; };
		1CFF14CD28EFAEAC0022BAD6 /* WatchRing.swift */ = {isa = PBXFileReference; lastKnownFileType = sourcecode.swift; path = WatchRing.swift; sourceTree = "<group>"; };
		1CFF14D328EFAFE40022BAD6 /* WatchSobrietyRings.swift */ = {isa = PBXFileReference; lastKnownFileType = sourcecode.swift; path = WatchSobrietyRings.swift; sourceTree = "<group>"; };
/* End PBXFileReference section */

/* Begin PBXFrameworksBuildPhase section */
		1C229D2C28EF523D006583DF /* Frameworks */ = {
			isa = PBXFrameworksBuildPhase;
			buildActionMask = 2147483647;
			files = (
				1CFF14D228EFAEFC0022BAD6 /* Time in Frameworks */,
			);
			runOnlyForDeploymentPostprocessing = 0;
		};
		1C91B1D828D0F2E00062C18A /* Frameworks */ = {
			isa = PBXFrameworksBuildPhase;
			buildActionMask = 2147483647;
			files = (
				1C98187928FF246C00FF68BD /* PopupView in Frameworks */,
				1C9F35EA28E60A3300C69CCB /* PathText in Frameworks */,
				1C9F35ED28E60A6300C69CCB /* Time in Frameworks */,
			);
			runOnlyForDeploymentPostprocessing = 0;
		};
/* End PBXFrameworksBuildPhase section */

/* Begin PBXGroup section */
		1C0E2E1828ECA9A20063DB58 /* Rings */ = {
			isa = PBXGroup;
			children = (
				1CF24EB628D0F35C000E75A5 /* Ring.swift */,
				1C5F922428D2522300BE053D /* RingView.swift */,
				1CF24EB528D0F35C000E75A5 /* SobrietyRings.swift */,
			);
			path = Rings;
			sourceTree = "<group>";
		};
		1C0E2E1928ECA9DB0063DB58 /* Themes */ = {
			isa = PBXGroup;
			children = (
				1CB54DC128EA6E0900CDE2A4 /* Theme.swift */,
				1CB54DC328EA7E6400CDE2A4 /* ThemePicker.swift */,
				1CB54DC528EA8BD300CDE2A4 /* ThemeSample.swift */,
			);
			path = Themes;
			sourceTree = "<group>";
		};
		1C229D3028EF523D006583DF /* SobretiumWatch Watch App */ = {
			isa = PBXGroup;
			children = (
				1C229D4228EF529A006583DF /* SobretiumWatch-Watch-App-Info.plist */,
				1C229D4128EF5294006583DF /* SobretiumWatch Watch App.entitlements */,
				1C229D3128EF523D006583DF /* SobretiumWatchApp.swift */,
				1C229D3328EF523D006583DF /* WatchContentView.swift */,
				1CFF14CD28EFAEAC0022BAD6 /* WatchRing.swift */,
				1CFF14D328EFAFE40022BAD6 /* WatchSobrietyRings.swift */,
				1C229D3528EF5241006583DF /* Assets.xcassets */,
				1C229D3728EF5241006583DF /* Preview Content */,
			);
			path = "SobretiumWatch Watch App";
			sourceTree = "<group>";
		};
		1C229D3728EF5241006583DF /* Preview Content */ = {
			isa = PBXGroup;
			children = (
				1C229D3828EF5241006583DF /* Preview Assets.xcassets */,
			);
			path = "Preview Content";
			sourceTree = "<group>";
		};
		1C37803028E765B300440E06 /* Development */ = {
			isa = PBXGroup;
			children = (
				1C37803128E765BD00440E06 /* AppIconRings.swift */,
			);
			path = Development;
			sourceTree = "<group>";
		};
		1C50F1A528ECF42800AD9025 /* Frameworks */ = {
			isa = PBXGroup;
			children = (
				1C50F1A628ECF42800AD9025 /* WidgetKit.framework */,
				1C50F1A828ECF42800AD9025 /* SwiftUI.framework */,
			);
			name = Frameworks;
			sourceTree = "<group>";
		};
		1C81C2AD28F73332007F87AF /* Main View */ = {
			isa = PBXGroup;
			children = (
				1C91B1E028D0F2E00062C18A /* ContentView.swift */,
				1C81C2AE28F733B4007F87AF /* SobrietyEntryLabel.swift */,
			);
			path = "Main View";
			sourceTree = "<group>";
		};
		1C81C2B028F7370B007F87AF /* Entrypoint */ = {
			isa = PBXGroup;
			children = (
				1C91B1DE28D0F2E00062C18A /* SobretiumApp.swift */,
				1C2CB48A28E742A900215648 /* DataController.swift */,
			);
			path = Entrypoint;
			sourceTree = "<group>";
		};
		1C91B1D228D0F2E00062C18A = {
			isa = PBXGroup;
			children = (
				1C229D2A28EF5155006583DF /* SobretiumWidgetExtension.entitlements */,
				1C91B1DD28D0F2E00062C18A /* Sobretium */,
				1C229D3028EF523D006583DF /* SobretiumWatch Watch App */,
				1C50F1A528ECF42800AD9025 /* Frameworks */,
				1C91B1DC28D0F2E00062C18A /* Products */,
			);
			sourceTree = "<group>";
		};
		1C91B1DC28D0F2E00062C18A /* Products */ = {
			isa = PBXGroup;
			children = (
				1C91B1DB28D0F2E00062C18A /* Sobretium.app */,
				1C229D2F28EF523D006583DF /* SobretiumWatch Watch App.app */,
			);
			name = Products;
			sourceTree = "<group>";
		};
		1C91B1DD28D0F2E00062C18A /* Sobretium */ = {
			isa = PBXGroup;
			children = (
				1C229D2928EF50C0006583DF /* Info.plist */,
				1C229D2828EF50A8006583DF /* Sobretium.entitlements */,
				1C81C2B028F7370B007F87AF /* Entrypoint */,
				1C81C2AD28F73332007F87AF /* Main View */,
				1C0E2E1928ECA9DB0063DB58 /* Themes */,
				1C0E2E1828ECA9A20063DB58 /* Rings */,
				1CA7E19128EA15CC005E68A0 /* Sheets */,
				1C9F35EE28E6142D00C69CCB /* Settings */,
				1C37803028E765B300440E06 /* Development */,
				1C37802C28E7579100440E06 /* SobrietyEntry.xcdatamodeld */,
				1C91B1E228D0F2E30062C18A /* Assets.xcassets */,
				1C91B1E428D0F2E30062C18A /* Preview Content */,
			);
			path = Sobretium;
			sourceTree = "<group>";
		};
		1C91B1E428D0F2E30062C18A /* Preview Content */ = {
			isa = PBXGroup;
			children = (
				1C91B1E528D0F2E30062C18A /* Preview Assets.xcassets */,
			);
			path = "Preview Content";
			sourceTree = "<group>";
		};
		1C9F35EE28E6142D00C69CCB /* Settings */ = {
			isa = PBXGroup;
			children = (
				1CE8FC7228D3965800940E07 /* SettingsView.swift */,
				1C9F35EF28E6144000C69CCB /* AboutView.swift */,
				1CB811DB28F09709008A85CC /* Donation */,
			);
			path = Settings;
			sourceTree = "<group>";
		};
		1CA7E19128EA15CC005E68A0 /* Sheets */ = {
			isa = PBXGroup;
			children = (
				1CF24EB428D0F35C000E75A5 /* NewTimerSheet.swift */,
				1CA7E18F28EA15C2005E68A0 /* EditTrackerSheet.swift */,
			);
			path = Sheets;
			sourceTree = "<group>";
		};
		1CB811DB28F09709008A85CC /* Donation */ = {
			isa = PBXGroup;
			children = (
				1CB811D928F09310008A85CC /* DonateView.swift */,
				1CB811DE28F0A567008A85CC /* SobretiumStore.storekit */,
			);
			path = Donation;
			sourceTree = "<group>";
		};
/* End PBXGroup section */

/* Begin PBXNativeTarget section */
		1C229D2E28EF523D006583DF /* SobretiumWatch Watch App */ = {
			isa = PBXNativeTarget;
			buildConfigurationList = 1C229D3D28EF5241006583DF /* Build configuration list for PBXNativeTarget "SobretiumWatch Watch App" */;
			buildPhases = (
				1C229D2B28EF523D006583DF /* Sources */,
				1C229D2C28EF523D006583DF /* Frameworks */,
				1C229D2D28EF523D006583DF /* Resources */,
			);
			buildRules = (
			);
			dependencies = (
			);
			name = "SobretiumWatch Watch App";
			packageProductDependencies = (
				1CFF14D128EFAEFC0022BAD6 /* Time */,
			);
			productName = "SobretiumWatch Watch App";
			productReference = 1C229D2F28EF523D006583DF /* SobretiumWatch Watch App.app */;
			productType = "com.apple.product-type.application";
		};
		1C91B1DA28D0F2E00062C18A /* Sobretium */ = {
			isa = PBXNativeTarget;
			buildConfigurationList = 1C91B1E928D0F2E30062C18A /* Build configuration list for PBXNativeTarget "Sobretium" */;
			buildPhases = (
				1C91B1D728D0F2E00062C18A /* Sources */,
				1C91B1D828D0F2E00062C18A /* Frameworks */,
				1C91B1D928D0F2E00062C18A /* Resources */,
				1C50F1B928ECF42D00AD9025 /* Embed Foundation Extensions */,
				1C229D4028EF5241006583DF /* Embed Watch Content */,
			);
			buildRules = (
			);
			dependencies = (
				1C229D3B28EF5241006583DF /* PBXTargetDependency */,
			);
			name = Sobretium;
			packageProductDependencies = (
				1C9F35E928E60A3300C69CCB /* PathText */,
				1C9F35EC28E60A6300C69CCB /* Time */,
				1C98187828FF246C00FF68BD /* PopupView */,
			);
			productName = Sobretium;
			productReference = 1C91B1DB28D0F2E00062C18A /* Sobretium.app */;
			productType = "com.apple.product-type.application";
		};
/* End PBXNativeTarget section */

/* Begin PBXProject section */
		1C91B1D328D0F2E00062C18A /* Project object */ = {
			isa = PBXProject;
			attributes = {
				BuildIndependentTargetsInParallel = 1;
				LastSwiftUpdateCheck = 1400;
				LastUpgradeCheck = 1330;
				TargetAttributes = {
					1C229D2E28EF523D006583DF = {
						CreatedOnToolsVersion = 14.0.1;
					};
					1C91B1DA28D0F2E00062C18A = {
						CreatedOnToolsVersion = 13.3;
					};
				};
			};
			buildConfigurationList = 1C91B1D628D0F2E00062C18A /* Build configuration list for PBXProject "Sobretium" */;
			compatibilityVersion = "Xcode 13.0";
			developmentRegion = en;
			hasScannedForEncodings = 0;
			knownRegions = (
				en,
				Base,
			);
			mainGroup = 1C91B1D228D0F2E00062C18A;
			packageReferences = (
				1C9F35E828E60A3300C69CCB /* XCRemoteSwiftPackageReference "CurvyText" */,
				1C9F35EB28E60A6300C69CCB /* XCRemoteSwiftPackageReference "time" */,
				1C98187728FF246C00FF68BD /* XCRemoteSwiftPackageReference "PopupView" */,
			);
			productRefGroup = 1C91B1DC28D0F2E00062C18A /* Products */;
			projectDirPath = "";
			projectRoot = "";
			targets = (
				1C91B1DA28D0F2E00062C18A /* Sobretium */,
				1C229D2E28EF523D006583DF /* SobretiumWatch Watch App */,
			);
		};
/* End PBXProject section */

/* Begin PBXResourcesBuildPhase section */
		1C229D2D28EF523D006583DF /* Resources */ = {
			isa = PBXResourcesBuildPhase;
			buildActionMask = 2147483647;
			files = (
				1C229D3928EF5241006583DF /* Preview Assets.xcassets in Resources */,
				1C229D3628EF5241006583DF /* Assets.xcassets in Resources */,
			);
			runOnlyForDeploymentPostprocessing = 0;
		};
		1C91B1D928D0F2E00062C18A /* Resources */ = {
			isa = PBXResourcesBuildPhase;
			buildActionMask = 2147483647;
			files = (
				1C91B1E628D0F2E30062C18A /* Preview Assets.xcassets in Resources */,
				1C91B1E328D0F2E30062C18A /* Assets.xcassets in Resources */,
			);
			runOnlyForDeploymentPostprocessing = 0;
		};
/* End PBXResourcesBuildPhase section */

/* Begin PBXSourcesBuildPhase section */
		1C229D2B28EF523D006583DF /* Sources */ = {
			isa = PBXSourcesBuildPhase;
			buildActionMask = 2147483647;
			files = (
				1C81C2B128F73742007F87AF /* DataController.swift in Sources */,
				1CFF14D428EFAFE40022BAD6 /* WatchSobrietyRings.swift in Sources */,
				1C229D3428EF523D006583DF /* WatchContentView.swift in Sources */,
				1C229D4428EF559C006583DF /* SobrietyEntry.xcdatamodeld in Sources */,
				1CFF14CE28EFAEAC0022BAD6 /* WatchRing.swift in Sources */,
				1C229D3228EF523D006583DF /* SobretiumWatchApp.swift in Sources */,
				1CFF14D528EFB0B90022BAD6 /* Theme.swift in Sources */,
			);
			runOnlyForDeploymentPostprocessing = 0;
		};
		1C91B1D728D0F2E00062C18A /* Sources */ = {
			isa = PBXSourcesBuildPhase;
			buildActionMask = 2147483647;
			files = (
				1CF24EBA28D0F35C000E75A5 /* Ring.swift in Sources */,
				1CB811DA28F09310008A85CC /* DonateView.swift in Sources */,
				1CE8FC7328D3965800940E07 /* SettingsView.swift in Sources */,
				1C91B1E128D0F2E00062C18A /* ContentView.swift in Sources */,
				1CF24EB828D0F35C000E75A5 /* NewTimerSheet.swift in Sources */,
				1C81C2AF28F733B4007F87AF /* SobrietyEntryLabel.swift in Sources */,
				1CB54DC228EA6E0900CDE2A4 /* Theme.swift in Sources */,
				1C9F35F028E6144000C69CCB /* AboutView.swift in Sources */,
				1C2CB48B28E742A900215648 /* DataController.swift in Sources */,
				1CF24EB928D0F35C000E75A5 /* SobrietyRings.swift in Sources */,
				1C37803228E765BD00440E06 /* AppIconRings.swift in Sources */,
				1CB54DC428EA7E6400CDE2A4 /* ThemePicker.swift in Sources */,
				1CB54DC628EA8BD300CDE2A4 /* ThemeSample.swift in Sources */,
				1CA7E19028EA15C2005E68A0 /* EditTrackerSheet.swift in Sources */,
				1C37802F28E7579100440E06 /* SobrietyEntry.xcdatamodeld in Sources */,
				1C5F922528D2522300BE053D /* RingView.swift in Sources */,
				1C91B1DF28D0F2E00062C18A /* SobretiumApp.swift in Sources */,
			);
			runOnlyForDeploymentPostprocessing = 0;
		};
/* End PBXSourcesBuildPhase section */

/* Begin PBXTargetDependency section */
		1C229D3B28EF5241006583DF /* PBXTargetDependency */ = {
			isa = PBXTargetDependency;
			target = 1C229D2E28EF523D006583DF /* SobretiumWatch Watch App */;
			targetProxy = 1C229D3A28EF5241006583DF /* PBXContainerItemProxy */;
		};
/* End PBXTargetDependency section */

/* Begin XCBuildConfiguration section */
		1C229D3E28EF5241006583DF /* Debug */ = {
			isa = XCBuildConfiguration;
			buildSettings = {
				ASSETCATALOG_COMPILER_APPICON_NAME = AppIcon;
				ASSETCATALOG_COMPILER_GLOBAL_ACCENT_COLOR_NAME = AccentColor;
				CLANG_CXX_LANGUAGE_STANDARD = "gnu++20";
				CODE_SIGN_ENTITLEMENTS = "SobretiumWatch Watch App/SobretiumWatch Watch App.entitlements";
				CODE_SIGN_STYLE = Automatic;
				CURRENT_PROJECT_VERSION = 206;
				DEVELOPMENT_ASSET_PATHS = "\"SobretiumWatch Watch App/Preview Content\"";
				DEVELOPMENT_TEAM = W8C8UQ95CG;
				ENABLE_PREVIEWS = YES;
				GENERATE_INFOPLIST_FILE = YES;
				INFOPLIST_FILE = "SobretiumWatch-Watch-App-Info.plist";
				INFOPLIST_KEY_CFBundleDisplayName = Sobretium;
				INFOPLIST_KEY_UISupportedInterfaceOrientations = "UIInterfaceOrientationPortrait UIInterfaceOrientationPortraitUpsideDown";
				INFOPLIST_KEY_WKCompanionAppBundleIdentifier = com.alyxferrari.Sobretium;
				INFOPLIST_KEY_WKRunsIndependentlyOfCompanionApp = NO;
				LD_RUNPATH_SEARCH_PATHS = (
					"$(inherited)",
					"@executable_path/Frameworks",
				);
				MARKETING_VERSION = 1.0.4;
				PRODUCT_BUNDLE_IDENTIFIER = com.alyxferrari.Sobretium.watchkitapp;
				PRODUCT_NAME = "$(TARGET_NAME)";
				SDKROOT = watchos;
				SKIP_INSTALL = YES;
				SWIFT_EMIT_LOC_STRINGS = YES;
				SWIFT_VERSION = 5.0;
				TARGETED_DEVICE_FAMILY = 4;
				WATCHOS_DEPLOYMENT_TARGET = 8.0;
			};
			name = Debug;
		};
		1C229D3F28EF5241006583DF /* Release */ = {
			isa = XCBuildConfiguration;
			buildSettings = {
				ASSETCATALOG_COMPILER_APPICON_NAME = AppIcon;
				ASSETCATALOG_COMPILER_GLOBAL_ACCENT_COLOR_NAME = AccentColor;
				CLANG_CXX_LANGUAGE_STANDARD = "gnu++20";
				CODE_SIGN_ENTITLEMENTS = "SobretiumWatch Watch App/SobretiumWatch Watch App.entitlements";
				CODE_SIGN_STYLE = Automatic;
				CURRENT_PROJECT_VERSION = 206;
				DEVELOPMENT_ASSET_PATHS = "\"SobretiumWatch Watch App/Preview Content\"";
				DEVELOPMENT_TEAM = W8C8UQ95CG;
				ENABLE_PREVIEWS = YES;
				GENERATE_INFOPLIST_FILE = YES;
				INFOPLIST_FILE = "SobretiumWatch-Watch-App-Info.plist";
				INFOPLIST_KEY_CFBundleDisplayName = Sobretium;
				INFOPLIST_KEY_UISupportedInterfaceOrientations = "UIInterfaceOrientationPortrait UIInterfaceOrientationPortraitUpsideDown";
				INFOPLIST_KEY_WKCompanionAppBundleIdentifier = com.alyxferrari.Sobretium;
				INFOPLIST_KEY_WKRunsIndependentlyOfCompanionApp = NO;
				LD_RUNPATH_SEARCH_PATHS = (
					"$(inherited)",
					"@executable_path/Frameworks",
				);
				MARKETING_VERSION = 1.0.4;
				PRODUCT_BUNDLE_IDENTIFIER = com.alyxferrari.Sobretium.watchkitapp;
				PRODUCT_NAME = "$(TARGET_NAME)";
				SDKROOT = watchos;
				SKIP_INSTALL = YES;
				SWIFT_EMIT_LOC_STRINGS = YES;
				SWIFT_VERSION = 5.0;
				TARGETED_DEVICE_FAMILY = 4;
				WATCHOS_DEPLOYMENT_TARGET = 8.0;
			};
			name = Release;
		};
		1C91B1E728D0F2E30062C18A /* Debug */ = {
			isa = XCBuildConfiguration;
			buildSettings = {
				ALWAYS_SEARCH_USER_PATHS = NO;
				CLANG_ANALYZER_NONNULL = YES;
				CLANG_ANALYZER_NUMBER_OBJECT_CONVERSION = YES_AGGRESSIVE;
				CLANG_CXX_LANGUAGE_STANDARD = "gnu++17";
				CLANG_ENABLE_MODULES = YES;
				CLANG_ENABLE_OBJC_ARC = YES;
				CLANG_ENABLE_OBJC_WEAK = YES;
				CLANG_WARN_BLOCK_CAPTURE_AUTORELEASING = YES;
				CLANG_WARN_BOOL_CONVERSION = YES;
				CLANG_WARN_COMMA = YES;
				CLANG_WARN_CONSTANT_CONVERSION = YES;
				CLANG_WARN_DEPRECATED_OBJC_IMPLEMENTATIONS = YES;
				CLANG_WARN_DIRECT_OBJC_ISA_USAGE = YES_ERROR;
				CLANG_WARN_DOCUMENTATION_COMMENTS = YES;
				CLANG_WARN_EMPTY_BODY = YES;
				CLANG_WARN_ENUM_CONVERSION = YES;
				CLANG_WARN_INFINITE_RECURSION = YES;
				CLANG_WARN_INT_CONVERSION = YES;
				CLANG_WARN_NON_LITERAL_NULL_CONVERSION = YES;
				CLANG_WARN_OBJC_IMPLICIT_RETAIN_SELF = YES;
				CLANG_WARN_OBJC_LITERAL_CONVERSION = YES;
				CLANG_WARN_OBJC_ROOT_CLASS = YES_ERROR;
				CLANG_WARN_QUOTED_INCLUDE_IN_FRAMEWORK_HEADER = YES;
				CLANG_WARN_RANGE_LOOP_ANALYSIS = YES;
				CLANG_WARN_STRICT_PROTOTYPES = YES;
				CLANG_WARN_SUSPICIOUS_MOVE = YES;
				CLANG_WARN_UNGUARDED_AVAILABILITY = YES_AGGRESSIVE;
				CLANG_WARN_UNREACHABLE_CODE = YES;
				CLANG_WARN__DUPLICATE_METHOD_MATCH = YES;
				COPY_PHASE_STRIP = NO;
				DEBUG_INFORMATION_FORMAT = dwarf;
				ENABLE_STRICT_OBJC_MSGSEND = YES;
				ENABLE_TESTABILITY = YES;
				GCC_C_LANGUAGE_STANDARD = gnu11;
				GCC_DYNAMIC_NO_PIC = NO;
				GCC_NO_COMMON_BLOCKS = YES;
				GCC_OPTIMIZATION_LEVEL = 0;
				GCC_PREPROCESSOR_DEFINITIONS = (
					"DEBUG=1",
					"$(inherited)",
				);
				GCC_WARN_64_TO_32_BIT_CONVERSION = YES;
				GCC_WARN_ABOUT_RETURN_TYPE = YES_ERROR;
				GCC_WARN_UNDECLARED_SELECTOR = YES;
				GCC_WARN_UNINITIALIZED_AUTOS = YES_AGGRESSIVE;
				GCC_WARN_UNUSED_FUNCTION = YES;
				GCC_WARN_UNUSED_VARIABLE = YES;
				IPHONEOS_DEPLOYMENT_TARGET = 15.0;
				MTL_ENABLE_DEBUG_INFO = INCLUDE_SOURCE;
				MTL_FAST_MATH = YES;
				ONLY_ACTIVE_ARCH = YES;
				SDKROOT = iphoneos;
				SWIFT_ACTIVE_COMPILATION_CONDITIONS = DEBUG;
				SWIFT_OPTIMIZATION_LEVEL = "-Onone";
			};
			name = Debug;
		};
		1C91B1E828D0F2E30062C18A /* Release */ = {
			isa = XCBuildConfiguration;
			buildSettings = {
				ALWAYS_SEARCH_USER_PATHS = NO;
				CLANG_ANALYZER_NONNULL = YES;
				CLANG_ANALYZER_NUMBER_OBJECT_CONVERSION = YES_AGGRESSIVE;
				CLANG_CXX_LANGUAGE_STANDARD = "gnu++17";
				CLANG_ENABLE_MODULES = YES;
				CLANG_ENABLE_OBJC_ARC = YES;
				CLANG_ENABLE_OBJC_WEAK = YES;
				CLANG_WARN_BLOCK_CAPTURE_AUTORELEASING = YES;
				CLANG_WARN_BOOL_CONVERSION = YES;
				CLANG_WARN_COMMA = YES;
				CLANG_WARN_CONSTANT_CONVERSION = YES;
				CLANG_WARN_DEPRECATED_OBJC_IMPLEMENTATIONS = YES;
				CLANG_WARN_DIRECT_OBJC_ISA_USAGE = YES_ERROR;
				CLANG_WARN_DOCUMENTATION_COMMENTS = YES;
				CLANG_WARN_EMPTY_BODY = YES;
				CLANG_WARN_ENUM_CONVERSION = YES;
				CLANG_WARN_INFINITE_RECURSION = YES;
				CLANG_WARN_INT_CONVERSION = YES;
				CLANG_WARN_NON_LITERAL_NULL_CONVERSION = YES;
				CLANG_WARN_OBJC_IMPLICIT_RETAIN_SELF = YES;
				CLANG_WARN_OBJC_LITERAL_CONVERSION = YES;
				CLANG_WARN_OBJC_ROOT_CLASS = YES_ERROR;
				CLANG_WARN_QUOTED_INCLUDE_IN_FRAMEWORK_HEADER = YES;
				CLANG_WARN_RANGE_LOOP_ANALYSIS = YES;
				CLANG_WARN_STRICT_PROTOTYPES = YES;
				CLANG_WARN_SUSPICIOUS_MOVE = YES;
				CLANG_WARN_UNGUARDED_AVAILABILITY = YES_AGGRESSIVE;
				CLANG_WARN_UNREACHABLE_CODE = YES;
				CLANG_WARN__DUPLICATE_METHOD_MATCH = YES;
				COPY_PHASE_STRIP = NO;
				DEBUG_INFORMATION_FORMAT = "dwarf-with-dsym";
				ENABLE_NS_ASSERTIONS = NO;
				ENABLE_STRICT_OBJC_MSGSEND = YES;
				GCC_C_LANGUAGE_STANDARD = gnu11;
				GCC_NO_COMMON_BLOCKS = YES;
				GCC_WARN_64_TO_32_BIT_CONVERSION = YES;
				GCC_WARN_ABOUT_RETURN_TYPE = YES_ERROR;
				GCC_WARN_UNDECLARED_SELECTOR = YES;
				GCC_WARN_UNINITIALIZED_AUTOS = YES_AGGRESSIVE;
				GCC_WARN_UNUSED_FUNCTION = YES;
				GCC_WARN_UNUSED_VARIABLE = YES;
				IPHONEOS_DEPLOYMENT_TARGET = 15.0;
				MTL_ENABLE_DEBUG_INFO = NO;
				MTL_FAST_MATH = YES;
				SDKROOT = iphoneos;
				SWIFT_COMPILATION_MODE = wholemodule;
				SWIFT_OPTIMIZATION_LEVEL = "-O";
				VALIDATE_PRODUCT = YES;
			};
			name = Release;
		};
		1C91B1EA28D0F2E30062C18A /* Debug */ = {
			isa = XCBuildConfiguration;
			buildSettings = {
				ALWAYS_EMBED_SWIFT_STANDARD_LIBRARIES = YES;
				ASSETCATALOG_COMPILER_APPICON_NAME = AppIcon;
				ASSETCATALOG_COMPILER_GLOBAL_ACCENT_COLOR_NAME = AccentColor;
				CODE_SIGN_ENTITLEMENTS = Sobretium/Sobretium.entitlements;
				CODE_SIGN_STYLE = Automatic;
				CURRENT_PROJECT_VERSION = 225;
				DEVELOPMENT_ASSET_PATHS = "\"Sobretium/Preview Content\"";
				DEVELOPMENT_TEAM = W8C8UQ95CG;
				ENABLE_PREVIEWS = YES;
				GCC_PREPROCESSOR_DEFINITIONS = (
					"DEBUG=1",
					"TARGET_IS_WIDGET_EXTENSION=0",
				);
				GENERATE_INFOPLIST_FILE = YES;
				INFOPLIST_FILE = Sobretium/Info.plist;
				INFOPLIST_KEY_CFBundleDisplayName = Sobretium;
				INFOPLIST_KEY_LSApplicationCategoryType = "public.app-category.healthcare-fitness";
				INFOPLIST_KEY_NSFaceIDUsageDescription = "Face ID access is needed for biometric authentication.";
				INFOPLIST_KEY_UIApplicationSceneManifest_Generation = YES;
				INFOPLIST_KEY_UIApplicationSupportsIndirectInputEvents = YES;
				INFOPLIST_KEY_UILaunchScreen_Generation = YES;
				INFOPLIST_KEY_UISupportedInterfaceOrientations = UIInterfaceOrientationPortrait;
				IPHONEOS_DEPLOYMENT_TARGET = 15.0;
				LD_RUNPATH_SEARCH_PATHS = (
					"$(inherited)",
					"@executable_path/Frameworks",
				);
				MARKETING_VERSION = 1.0.5;
				PRODUCT_BUNDLE_IDENTIFIER = com.alyxferrari.Sobretium;
				PRODUCT_NAME = "$(TARGET_NAME)";
				SUPPORTED_PLATFORMS = "iphoneos iphonesimulator";
				SUPPORTS_MACCATALYST = NO;
				SUPPORTS_MAC_DESIGNED_FOR_IPHONE_IPAD = NO;
				SWIFT_EMIT_LOC_STRINGS = YES;
				SWIFT_VERSION = 5.0;
				TARGETED_DEVICE_FAMILY = 1;
			};
			name = Debug;
		};
		1C91B1EB28D0F2E30062C18A /* Release */ = {
			isa = XCBuildConfiguration;
			buildSettings = {
				ALWAYS_EMBED_SWIFT_STANDARD_LIBRARIES = YES;
				ASSETCATALOG_COMPILER_APPICON_NAME = AppIcon;
				ASSETCATALOG_COMPILER_GLOBAL_ACCENT_COLOR_NAME = AccentColor;
				CODE_SIGN_ENTITLEMENTS = Sobretium/Sobretium.entitlements;
				CODE_SIGN_STYLE = Automatic;
				CURRENT_PROJECT_VERSION = 225;
				DEVELOPMENT_ASSET_PATHS = "\"Sobretium/Preview Content\"";
				DEVELOPMENT_TEAM = W8C8UQ95CG;
				ENABLE_PREVIEWS = YES;
				GCC_PREPROCESSOR_DEFINITIONS = "TARGET_IS_WIDGET_EXTENSION=0";
				GENERATE_INFOPLIST_FILE = YES;
				INFOPLIST_FILE = Sobretium/Info.plist;
				INFOPLIST_KEY_CFBundleDisplayName = Sobretium;
				INFOPLIST_KEY_LSApplicationCategoryType = "public.app-category.healthcare-fitness";
				INFOPLIST_KEY_NSFaceIDUsageDescription = "Face ID access is needed for biometric authentication.";
				INFOPLIST_KEY_UIApplicationSceneManifest_Generation = YES;
				INFOPLIST_KEY_UIApplicationSupportsIndirectInputEvents = YES;
				INFOPLIST_KEY_UILaunchScreen_Generation = YES;
				INFOPLIST_KEY_UISupportedInterfaceOrientations = UIInterfaceOrientationPortrait;
				IPHONEOS_DEPLOYMENT_TARGET = 15.0;
				LD_RUNPATH_SEARCH_PATHS = (
					"$(inherited)",
					"@executable_path/Frameworks",
				);
				MARKETING_VERSION = 1.0.5;
				PRODUCT_BUNDLE_IDENTIFIER = com.alyxferrari.Sobretium;
				PRODUCT_NAME = "$(TARGET_NAME)";
				SUPPORTED_PLATFORMS = "iphoneos iphonesimulator";
				SUPPORTS_MACCATALYST = NO;
				SUPPORTS_MAC_DESIGNED_FOR_IPHONE_IPAD = NO;
				SWIFT_EMIT_LOC_STRINGS = YES;
				SWIFT_VERSION = 5.0;
				TARGETED_DEVICE_FAMILY = 1;
			};
			name = Release;
		};
/* End XCBuildConfiguration section */

/* Begin XCConfigurationList section */
		1C229D3D28EF5241006583DF /* Build configuration list for PBXNativeTarget "SobretiumWatch Watch App" */ = {
			isa = XCConfigurationList;
			buildConfigurations = (
				1C229D3E28EF5241006583DF /* Debug */,
				1C229D3F28EF5241006583DF /* Release */,
			);
			defaultConfigurationIsVisible = 0;
			defaultConfigurationName = Release;
		};
		1C91B1D628D0F2E00062C18A /* Build configuration list for PBXProject "Sobretium" */ = {
			isa = XCConfigurationList;
			buildConfigurations = (
				1C91B1E728D0F2E30062C18A /* Debug */,
				1C91B1E828D0F2E30062C18A /* Release */,
			);
			defaultConfigurationIsVisible = 0;
			defaultConfigurationName = Release;
		};
		1C91B1E928D0F2E30062C18A /* Build configuration list for PBXNativeTarget "Sobretium" */ = {
			isa = XCConfigurationList;
			buildConfigurations = (
				1C91B1EA28D0F2E30062C18A /* Debug */,
				1C91B1EB28D0F2E30062C18A /* Release */,
			);
			defaultConfigurationIsVisible = 0;
			defaultConfigurationName = Release;
		};
/* End XCConfigurationList section */

/* Begin XCRemoteSwiftPackageReference section */
		1C98187728FF246C00FF68BD /* XCRemoteSwiftPackageReference "PopupView" */ = {
			isa = XCRemoteSwiftPackageReference;
			repositoryURL = "https://github.com/exyte/PopupView";
			requirement = {
				kind = upToNextMajorVersion;
				minimumVersion = 1.0.0;
			};
		};
		1C9F35E828E60A3300C69CCB /* XCRemoteSwiftPackageReference "CurvyText" */ = {
			isa = XCRemoteSwiftPackageReference;
			repositoryURL = "https://github.com/alyxferrari/CurvyText";
			requirement = {
				branch = develop;
				kind = branch;
			};
		};
		1C9F35EB28E60A6300C69CCB /* XCRemoteSwiftPackageReference "time" */ = {
			isa = XCRemoteSwiftPackageReference;
			repositoryURL = "https://github.com/davedelong/time";
			requirement = {
				branch = master;
				kind = branch;
			};
		};
/* End XCRemoteSwiftPackageReference section */

/* Begin XCSwiftPackageProductDependency section */
		1C98187828FF246C00FF68BD /* PopupView */ = {
			isa = XCSwiftPackageProductDependency;
			package = 1C98187728FF246C00FF68BD /* XCRemoteSwiftPackageReference "PopupView" */;
			productName = PopupView;
		};
		1C9F35E928E60A3300C69CCB /* PathText */ = {
			isa = XCSwiftPackageProductDependency;
			package = 1C9F35E828E60A3300C69CCB /* XCRemoteSwiftPackageReference "CurvyText" */;
			productName = PathText;
		};
		1C9F35EC28E60A6300C69CCB /* Time */ = {
			isa = XCSwiftPackageProductDependency;
			package = 1C9F35EB28E60A6300C69CCB /* XCRemoteSwiftPackageReference "time" */;
			productName = Time;
		};
		1CFF14D128EFAEFC0022BAD6 /* Time */ = {
			isa = XCSwiftPackageProductDependency;
			package = 1C9F35EB28E60A6300C69CCB /* XCRemoteSwiftPackageReference "time" */;
			productName = Time;
		};
/* End XCSwiftPackageProductDependency section */

/* Begin XCVersionGroup section */
		1C37802C28E7579100440E06 /* SobrietyEntry.xcdatamodeld */ = {
			isa = XCVersionGroup;
			children = (
				1C37802D28E7579100440E06 /* SobrietyEntry.xcdatamodel */,
				1C37802E28E7579100440E06 /* SobrietyEntries.xcdatamodel */,
			);
			currentVersion = 1C37802D28E7579100440E06 /* SobrietyEntry.xcdatamodel */;
			path = SobrietyEntry.xcdatamodeld;
			sourceTree = "<group>";
			versionGroupType = wrapper.xcdatamodel;
		};
/* End XCVersionGroup section */
	};
	rootObject = 1C91B1D328D0F2E00062C18A /* Project object */;
}
