{
  "pins" : [
    {
      "identity" : "curvytext",
      "kind" : "remoteSourceControl",
      "location" : "https://github.com/alyxferrari/CurvyText",
      "state" : {
        "branch" : "develop",
        "revision" : "f9bd02036761cf0ce44407b38008fe2d71fc3830"
      }
    },
    {
      "identity" : "popupview",
      "kind" : "remoteSourceControl",
      "location" : "https://github.com/exyte/PopupView",
      "state" : {
        "revision" : "3c82a7d09ba44e1c7d8a2f7d17657de2e03d0f24",
        "version" : "1.2.1"
      }
    },
    {
      "identity" : "time",
      "kind" : "remoteSourceControl",
      "location" : "https://github.com/davedelong/time",
      "state" : {
        "branch" : "master",
        "revision" : "3237cc4a47c88a603b8148a95d40caf0859d3db7"
      }
    }
  ],
  "version" : 2
}
